
Microsoft Visual Studio Solution File, Format Version 12.00
# Visual Studio Version 16
VisualStudioVersion = 16.0.30002.166
MinimumVisualStudioVersion = 10.0.40219.1
Project("{888888A0-9F3D-457C-B088-3A5042F75D52}") = "DesicionTree", "DesicionTree.pyproj", "{AC627EF8-449B-41C4-9179-B5131E9FB247}"
EndProject
Global
	GlobalSection(SolutionConfigurationPlatforms) = preSolution
		Debug|Any CPU = Debug|Any CPU
		Release|Any CPU = Release|Any CPU
	EndGlobalSection
	GlobalSection(ProjectConfigurationPlatforms) = postSolution
		{AC627EF8-449B-41C4-9179-B5131E9FB247}.Debug|Any CPU.ActiveCfg = Debug|Any CPU
		{AC627EF8-449B-41C4-9179-B5131E9FB247}.Release|Any CPU.ActiveCfg = Release|Any CPU
	EndGlobalSection
	GlobalSection(SolutionProperties) = preSolution
		HideSolutionNode = FALSE
	EndGlobalSection
	GlobalSection(ExtensibilityGlobals) = postSolution
		SolutionGuid = {BDDEDA52-6352-409B-AAE8-CE7E96284060}
	EndGlobalSection
EndGlobal
